Microsoft Visual Studio Solution File, Format Version 8.00
Project("{8BC9CEB8-8B4A-11D0-8D11-00A0C91BC942}") = "SymbSeqTest", "SymbSeqTest.vcproj", "{8FEA92BD-6D28-4A4D-8E3E-090A5490B68E}"
	ProjectSection(ProjectDependencies) = postProject
	EndProjectSection
EndProject
Global
	GlobalSection(SolutionConfiguration) = preSolution
		Debug = Debug
		Release = Release
	EndGlobalSection
	GlobalSection(ProjectConfiguration) = postSolution
		{8FEA92BD-6D28-4A4D-8E3E-090A5490B68E}.Debug.ActiveCfg = Debug|Win32
		{8FEA92BD-6D28-4A4D-8E3E-090A5490B68E}.Debug.Build.0 = Debug|Win32
		{8FEA92BD-6D28-4A4D-8E3E-090A5490B68E}.Release.ActiveCfg = Release|Win32
		{8FEA92BD-6D28-4A4D-8E3E-090A5490B68E}.Release.Build.0 = Release|Win32
	EndGlobalSection
	GlobalSection(ExtensibilityGlobals) = postSolution
	EndGlobalSection
	GlobalSection(ExtensibilityAddIns) = postSolution
	EndGlobalSection
EndGlobal
