Microsoft Visual Studio Solution File, Format Version 8.00
Project("{8BC9CEB8-8B4A-11D0-8D11-00A0C91BC942}") = "QpskSim", "QpskSim.vcproj", "{9F58D9DE-00C5-453A-89B1-1BCDEE7F2D42}"
	ProjectSection(ProjectDependencies) = postProject
	EndProjectSection
EndProject
Global
	GlobalSection(SolutionConfiguration) = preSolution
		Debug = Debug
		Release = Release
	EndGlobalSection
	GlobalSection(ProjectConfiguration) = postSolution
		{9F58D9DE-00C5-453A-89B1-1BCDEE7F2D42}.Debug.ActiveCfg = Debug|Win32
		{9F58D9DE-00C5-453A-89B1-1BCDEE7F2D42}.Debug.Build.0 = Debug|Win32
		{9F58D9DE-00C5-453A-89B1-1BCDEE7F2D42}.Release.ActiveCfg = Release|Win32
		{9F58D9DE-00C5-453A-89B1-1BCDEE7F2D42}.Release.Build.0 = Release|Win32
	EndGlobalSection
	GlobalSection(ExtensibilityGlobals) = postSolution
	EndGlobalSection
	GlobalSection(ExtensibilityAddIns) = postSolution
	EndGlobalSection
EndGlobal
