Microsoft Visual Studio Solution File, Format Version 8.00
Project("{8BC9CEB8-8B4A-11D0-8D11-00A0C91BC942}") = "NLA_2_Box", "NLA_2_Box.vcproj", "{333DFFB8-504F-4CD2-8BD8-1EA0CA3D9D9E}"
	ProjectSection(ProjectDependencies) = postProject
	EndProjectSection
EndProject
Global
	GlobalSection(SolutionConfiguration) = preSolution
		Debug = Debug
		Release = Release
	EndGlobalSection
	GlobalSection(ProjectConfiguration) = postSolution
		{333DFFB8-504F-4CD2-8BD8-1EA0CA3D9D9E}.Debug.ActiveCfg = Debug|Win32
		{333DFFB8-504F-4CD2-8BD8-1EA0CA3D9D9E}.Debug.Build.0 = Debug|Win32
		{333DFFB8-504F-4CD2-8BD8-1EA0CA3D9D9E}.Release.ActiveCfg = Release|Win32
		{333DFFB8-504F-4CD2-8BD8-1EA0CA3D9D9E}.Release.Build.0 = Release|Win32
	EndGlobalSection
	GlobalSection(ExtensibilityGlobals) = postSolution
	EndGlobalSection
	GlobalSection(ExtensibilityAddIns) = postSolution
	EndGlobalSection
EndGlobal
