Microsoft Visual Studio Solution File, Format Version 8.00
Project("{8BC9CEB8-8B4A-11D0-8D11-00A0C91BC942}") = "GaussNoiseTest", "GaussNoiseTest.vcproj", "{C80A4F49-635A-4213-85E2-A85007663E72}"
	ProjectSection(ProjectDependencies) = postProject
	EndProjectSection
EndProject
Global
	GlobalSection(SolutionConfiguration) = preSolution
		Debug = Debug
		Release = Release
	EndGlobalSection
	GlobalSection(ProjectConfiguration) = postSolution
		{C80A4F49-635A-4213-85E2-A85007663E72}.Debug.ActiveCfg = Debug|Win32
		{C80A4F49-635A-4213-85E2-A85007663E72}.Debug.Build.0 = Debug|Win32
		{C80A4F49-635A-4213-85E2-A85007663E72}.Release.ActiveCfg = Release|Win32
		{C80A4F49-635A-4213-85E2-A85007663E72}.Release.Build.0 = Release|Win32
	EndGlobalSection
	GlobalSection(ExtensibilityGlobals) = postSolution
	EndGlobalSection
	GlobalSection(ExtensibilityAddIns) = postSolution
	EndGlobalSection
EndGlobal
