Microsoft Visual Studio Solution File, Format Version 8.00
Project("{8BC9CEB8-8B4A-11D0-8D11-00A0C91BC942}") = "PolyMath", "PolyMath.vcproj", "{59C77E23-2274-4582-8846-C4D4D0E9199C}"
	ProjectSection(ProjectDependencies) = postProject
	EndProjectSection
EndProject
Global
	GlobalSection(SolutionConfiguration) = preSolution
		Debug = Debug
		Release = Release
	EndGlobalSection
	GlobalSection(ProjectConfiguration) = postSolution
		{59C77E23-2274-4582-8846-C4D4D0E9199C}.Debug.ActiveCfg = Debug|Win32
		{59C77E23-2274-4582-8846-C4D4D0E9199C}.Debug.Build.0 = Debug|Win32
		{59C77E23-2274-4582-8846-C4D4D0E9199C}.Release.ActiveCfg = Release|Win32
		{59C77E23-2274-4582-8846-C4D4D0E9199C}.Release.Build.0 = Release|Win32
	EndGlobalSection
	GlobalSection(ExtensibilityGlobals) = postSolution
	EndGlobalSection
	GlobalSection(ExtensibilityAddIns) = postSolution
	EndGlobalSection
EndGlobal
